# THIS IS AN AUTOGENERATED FILE. DO NOT EDIT THIS FILE DIRECTLY.
# yarn lockfile v1


fast-deep-equal@^3.1.3:
  version "3.1.3"
  resolved "https://registry.yarnpkg.com/fast-deep-equal/-/fast-deep-equal-3.1.3.tgz#3a7d56b559d6cbc3eb512325244e619a65c6c525"
  integrity sha512-f3qQ9oQy9j2AhBe/H9VC91wLmKBCCU/gDOnKNAYG5hswO7BLKj09Hc5HYNz9cGI++xlpDCIgDaitVs03ATR84Q==

ramda@^0.30.0:
  version "0.30.0"
  resolved "https://registry.yarnpkg.com/ramda/-/ramda-0.30.0.tgz#3cc4f0ddddfa6334dad2f371bd72c33237d92cd0"
  integrity sha512-13Y0iMhIQuAm/wNGBL/9HEqIfRGmNmjKnTPlKWfA9f7dnDkr8d45wQ+S7+ZLh/Pq9PdcGxkqKUEA7ySu1QSd9Q==
